
Microsoft Visual Studio Solution File, Format Version 12.00
# Visual Studio 14
VisualStudioVersion = 14.0.25420.1
MinimumVisualStudioVersion = 10.0.40219.1
Project("{FAE04EC0-301F-11D3-BF4B-00C04F79EFBC}") = "ConwayNnL", "ConwayNnL\ConwayNnL.csproj", "{E573F876-7ECE-4763-8C9A-E91DEC895266}"
EndProject
Project("{FAE04EC0-301F-11D3-BF4B-00C04F79EFBC}") = "GoLDataLib", "GoLDataLib\GoLDataLib.csproj", "{EA84B5FC-B205-4F02-A76D-F6C2C75DB352}"
EndProject
Project("{FAE04EC0-301F-11D3-BF4B-00C04F79EFBC}") = "GoLDataLib.Test", "UnitTestProject1\GoLDataLib.Test.csproj", "{A5DAAD3C-AECE-4563-9D30-D1732C837AF3}"
EndProject
Global
	GlobalSection(SolutionConfigurationPlatforms) = preSolution
		Debug|Any CPU = Debug|Any CPU
		Release|Any CPU = Release|Any CPU
	EndGlobalSection
	GlobalSection(ProjectConfigurationPlatforms) = postSolution
		{E573F876-7ECE-4763-8C9A-E91DEC895266}.Debug|Any CPU.ActiveCfg = Debug|Any CPU
		{E573F876-7ECE-4763-8C9A-E91DEC895266}.Debug|Any CPU.Build.0 = Debug|Any CPU
		{E573F876-7ECE-4763-8C9A-E91DEC895266}.Release|Any CPU.ActiveCfg = Release|Any CPU
		{E573F876-7ECE-4763-8C9A-E91DEC895266}.Release|Any CPU.Build.0 = Release|Any CPU
		{EA84B5FC-B205-4F02-A76D-F6C2C75DB352}.Debug|Any CPU.ActiveCfg = Debug|Any CPU
		{EA84B5FC-B205-4F02-A76D-F6C2C75DB352}.Debug|Any CPU.Build.0 = Debug|Any CPU
		{EA84B5FC-B205-4F02-A76D-F6C2C75DB352}.Release|Any CPU.ActiveCfg = Release|Any CPU
		{EA84B5FC-B205-4F02-A76D-F6C2C75DB352}.Release|Any CPU.Build.0 = Release|Any CPU
		{A5DAAD3C-AECE-4563-9D30-D1732C837AF3}.Debug|Any CPU.ActiveCfg = Debug|Any CPU
		{A5DAAD3C-AECE-4563-9D30-D1732C837AF3}.Debug|Any CPU.Build.0 = Debug|Any CPU
		{A5DAAD3C-AECE-4563-9D30-D1732C837AF3}.Release|Any CPU.ActiveCfg = Release|Any CPU
		{A5DAAD3C-AECE-4563-9D30-D1732C837AF3}.Release|Any CPU.Build.0 = Release|Any CPU
	EndGlobalSection
	GlobalSection(SolutionProperties) = preSolution
		HideSolutionNode = FALSE
	EndGlobalSection
EndGlobal
